
Microsoft Visual Studio Solution File, Format Version 12.00
# Visual Studio 15
VisualStudioVersion = 15.0.28010.2016
MinimumVisualStudioVersion = 10.0.40219.1
Project("{FAE04EC0-301F-11D3-BF4B-00C04F79EFBC}") = "LakshmanCmsShoppingCart", "LakshmanCmsShoppingCart\LakshmanCmsShoppingCart.csproj", "{3EA45128-E3DA-4BE6-B04C-5753B3A00923}"
EndProject
Global
	GlobalSection(SolutionConfigurationPlatforms) = preSolution
		Debug|Any CPU = Debug|Any CPU
		Release|Any CPU = Release|Any CPU
	EndGlobalSection
	GlobalSection(ProjectConfigurationPlatforms) = postSolution
		{3EA45128-E3DA-4BE6-B04C-5753B3A00923}.Debug|Any CPU.ActiveCfg = Debug|Any CPU
		{3EA45128-E3DA-4BE6-B04C-5753B3A00923}.Debug|Any CPU.Build.0 = Debug|Any CPU
		{3EA45128-E3DA-4BE6-B04C-5753B3A00923}.Release|Any CPU.ActiveCfg = Release|Any CPU
		{3EA45128-E3DA-4BE6-B04C-5753B3A00923}.Release|Any CPU.Build.0 = Release|Any CPU
	EndGlobalSection
	GlobalSection(SolutionProperties) = preSolution
		HideSolutionNode = FALSE
	EndGlobalSection
	GlobalSection(ExtensibilityGlobals) = postSolution
		SolutionGuid = {5A7EDC48-85CD-424D-B76E-59C3FAF06884}
	EndGlobalSection
EndGlobal
