
Microsoft Visual Studio Solution File, Format Version 12.00
# Visual Studio 15
VisualStudioVersion = 15.0.28010.2016
MinimumVisualStudioVersion = 10.0.40219.1
Project("{FAE04EC0-301F-11D3-BF4B-00C04F79EFBC}") = "DesignPatternsDotNetTuttorialDotNet", "DesignPatternsDotNetTuttorialDotNet\DesignPatternsDotNetTuttorialDotNet.csproj", "{5C3BECE9-3487-4C33-8A48-3E07C8DFC1AA}"
EndProject
Project("{FAE04EC0-301F-11D3-BF4B-00C04F79EFBC}") = "SingletonNoThreadSafeSingleton", "SingletonNoThreadSafeSingleton\SingletonNoThreadSafeSingleton.csproj", "{70157033-9F87-41A8-87B3-8C9ADD2E3D2E}"
EndProject
Global
	GlobalSection(SolutionConfigurationPlatforms) = preSolution
		Debug|Any CPU = Debug|Any CPU
		Release|Any CPU = Release|Any CPU
	EndGlobalSection
	GlobalSection(ProjectConfigurationPlatforms) = postSolution
		{5C3BECE9-3487-4C33-8A48-3E07C8DFC1AA}.Debug|Any CPU.ActiveCfg = Debug|Any CPU
		{5C3BECE9-3487-4C33-8A48-3E07C8DFC1AA}.Debug|Any CPU.Build.0 = Debug|Any CPU
		{5C3BECE9-3487-4C33-8A48-3E07C8DFC1AA}.Release|Any CPU.ActiveCfg = Release|Any CPU
		{5C3BECE9-3487-4C33-8A48-3E07C8DFC1AA}.Release|Any CPU.Build.0 = Release|Any CPU
		{70157033-9F87-41A8-87B3-8C9ADD2E3D2E}.Debug|Any CPU.ActiveCfg = Debug|Any CPU
		{70157033-9F87-41A8-87B3-8C9ADD2E3D2E}.Debug|Any CPU.Build.0 = Debug|Any CPU
		{70157033-9F87-41A8-87B3-8C9ADD2E3D2E}.Release|Any CPU.ActiveCfg = Release|Any CPU
		{70157033-9F87-41A8-87B3-8C9ADD2E3D2E}.Release|Any CPU.Build.0 = Release|Any CPU
	EndGlobalSection
	GlobalSection(SolutionProperties) = preSolution
		HideSolutionNode = FALSE
	EndGlobalSection
	GlobalSection(ExtensibilityGlobals) = postSolution
		SolutionGuid = {F45D8050-3507-47BC-B921-616BA1C45ACD}
	EndGlobalSection
EndGlobal
