
Microsoft Visual Studio Solution File, Format Version 12.00
# Visual Studio 15
VisualStudioVersion = 15.0.28010.2016
MinimumVisualStudioVersion = 10.0.40219.1
Project("{FAE04EC0-301F-11D3-BF4B-00C04F79EFBC}") = "DataValidationsMVC", "DataValidationsMVC\DataValidationsMVC.csproj", "{9FC58C5A-C40F-4760-9717-B381FC6EEC30}"
EndProject
Global
	GlobalSection(SolutionConfigurationPlatforms) = preSolution
		Debug|Any CPU = Debug|Any CPU
		Release|Any CPU = Release|Any CPU
	EndGlobalSection
	GlobalSection(ProjectConfigurationPlatforms) = postSolution
		{9FC58C5A-C40F-4760-9717-B381FC6EEC30}.Debug|Any CPU.ActiveCfg = Debug|Any CPU
		{9FC58C5A-C40F-4760-9717-B381FC6EEC30}.Debug|Any CPU.Build.0 = Debug|Any CPU
		{9FC58C5A-C40F-4760-9717-B381FC6EEC30}.Release|Any CPU.ActiveCfg = Release|Any CPU
		{9FC58C5A-C40F-4760-9717-B381FC6EEC30}.Release|Any CPU.Build.0 = Release|Any CPU
	EndGlobalSection
	GlobalSection(SolutionProperties) = preSolution
		HideSolutionNode = FALSE
	EndGlobalSection
	GlobalSection(ExtensibilityGlobals) = postSolution
		SolutionGuid = {2D15CF14-84F3-455C-B40A-B74F2CF0E5D4}
	EndGlobalSection
EndGlobal
