
Microsoft Visual Studio Solution File, Format Version 12.00
# Visual Studio 15
VisualStudioVersion = 15.0.28010.2016
MinimumVisualStudioVersion = 10.0.40219.1
Project("{FAE04EC0-301F-11D3-BF4B-00C04F79EFBC}") = "WebApplication1", "WebApplication1\WebApplication1.csproj", "{33FF0077-2191-4C27-BE01-01CF3955EC3F}"
EndProject
Global
	GlobalSection(SolutionConfigurationPlatforms) = preSolution
		Debug|Any CPU = Debug|Any CPU
		Release|Any CPU = Release|Any CPU
	EndGlobalSection
	GlobalSection(ProjectConfigurationPlatforms) = postSolution
		{33FF0077-2191-4C27-BE01-01CF3955EC3F}.Debug|Any CPU.ActiveCfg = Debug|Any CPU
		{33FF0077-2191-4C27-BE01-01CF3955EC3F}.Debug|Any CPU.Build.0 = Debug|Any CPU
		{33FF0077-2191-4C27-BE01-01CF3955EC3F}.Release|Any CPU.ActiveCfg = Release|Any CPU
		{33FF0077-2191-4C27-BE01-01CF3955EC3F}.Release|Any CPU.Build.0 = Release|Any CPU
	EndGlobalSection
	GlobalSection(SolutionProperties) = preSolution
		HideSolutionNode = FALSE
	EndGlobalSection
	GlobalSection(ExtensibilityGlobals) = postSolution
		SolutionGuid = {AE413622-45F8-4723-BCF9-4F118A2CC5C4}
	EndGlobalSection
EndGlobal
