
Microsoft Visual Studio Solution File, Format Version 12.00
# Visual Studio 15
VisualStudioVersion = 15.0.28010.2016
MinimumVisualStudioVersion = 10.0.40219.1
Project("{FAE04EC0-301F-11D3-BF4B-00C04F79EFBC}") = "IdentityApp", "IdentityApp\IdentityApp.csproj", "{BB16F308-BC28-45D6-828C-130296CA5B32}"
EndProject
Global
	GlobalSection(SolutionConfigurationPlatforms) = preSolution
		Debug|Any CPU = Debug|Any CPU
		Release|Any CPU = Release|Any CPU
	EndGlobalSection
	GlobalSection(ProjectConfigurationPlatforms) = postSolution
		{BB16F308-BC28-45D6-828C-130296CA5B32}.Debug|Any CPU.ActiveCfg = Debug|Any CPU
		{BB16F308-BC28-45D6-828C-130296CA5B32}.Debug|Any CPU.Build.0 = Debug|Any CPU
		{BB16F308-BC28-45D6-828C-130296CA5B32}.Release|Any CPU.ActiveCfg = Release|Any CPU
		{BB16F308-BC28-45D6-828C-130296CA5B32}.Release|Any CPU.Build.0 = Release|Any CPU
	EndGlobalSection
	GlobalSection(SolutionProperties) = preSolution
		HideSolutionNode = FALSE
	EndGlobalSection
	GlobalSection(ExtensibilityGlobals) = postSolution
		SolutionGuid = {F10ACBD2-875B-41E7-BC4C-61378150CC06}
	EndGlobalSection
EndGlobal
