
Microsoft Visual Studio Solution File, Format Version 12.00
# Visual Studio 15
VisualStudioVersion = 15.0.28010.2016
MinimumVisualStudioVersion = 10.0.40219.1
Project("{FAE04EC0-301F-11D3-BF4B-00C04F79EFBC}") = "FirstWebApiDemo", "FirstWebApiDemo\FirstWebApiDemo.csproj", "{BF874408-D238-414A-89FD-D08C74A674ED}"
EndProject
Global
	GlobalSection(SolutionConfigurationPlatforms) = preSolution
		Debug|Any CPU = Debug|Any CPU
		Release|Any CPU = Release|Any CPU
	EndGlobalSection
	GlobalSection(ProjectConfigurationPlatforms) = postSolution
		{BF874408-D238-414A-89FD-D08C74A674ED}.Debug|Any CPU.ActiveCfg = Debug|Any CPU
		{BF874408-D238-414A-89FD-D08C74A674ED}.Debug|Any CPU.Build.0 = Debug|Any CPU
		{BF874408-D238-414A-89FD-D08C74A674ED}.Release|Any CPU.ActiveCfg = Release|Any CPU
		{BF874408-D238-414A-89FD-D08C74A674ED}.Release|Any CPU.Build.0 = Release|Any CPU
	EndGlobalSection
	GlobalSection(SolutionProperties) = preSolution
		HideSolutionNode = FALSE
	EndGlobalSection
	GlobalSection(ExtensibilityGlobals) = postSolution
		SolutionGuid = {853EF085-6EFA-4532-9BF0-C977FBD5DB52}
	EndGlobalSection
EndGlobal
