
Microsoft Visual Studio Solution File, Format Version 12.00
# Visual Studio 15
VisualStudioVersion = 15.0.28010.2016
MinimumVisualStudioVersion = 10.0.40219.1
Project("{FAE04EC0-301F-11D3-BF4B-00C04F79EFBC}") = "kudVenkatCsharp", "kudVenkatCsharp\kudVenkatCsharp.csproj", "{24CCAEA3-AE48-4CCF-9350-FB73BAEC8E19}"
EndProject
Project("{FAE04EC0-301F-11D3-BF4B-00C04F79EFBC}") = "calculatorApp", "calculatorApp\calculatorApp.csproj", "{84C35C06-F527-4AE5-8D5F-158EF866A581}"
EndProject
Project("{FAE04EC0-301F-11D3-BF4B-00C04F79EFBC}") = "OopsWithMVC", "OopsWithMVC\OopsWithMVC.csproj", "{3D202392-BE86-4447-8487-465A8FAEA34A}"
EndProject
Global
	GlobalSection(SolutionConfigurationPlatforms) = preSolution
		Debug|Any CPU = Debug|Any CPU
		Release|Any CPU = Release|Any CPU
	EndGlobalSection
	GlobalSection(ProjectConfigurationPlatforms) = postSolution
		{24CCAEA3-AE48-4CCF-9350-FB73BAEC8E19}.Debug|Any CPU.ActiveCfg = Debug|Any CPU
		{24CCAEA3-AE48-4CCF-9350-FB73BAEC8E19}.Debug|Any CPU.Build.0 = Debug|Any CPU
		{24CCAEA3-AE48-4CCF-9350-FB73BAEC8E19}.Release|Any CPU.ActiveCfg = Release|Any CPU
		{24CCAEA3-AE48-4CCF-9350-FB73BAEC8E19}.Release|Any CPU.Build.0 = Release|Any CPU
		{84C35C06-F527-4AE5-8D5F-158EF866A581}.Debug|Any CPU.ActiveCfg = Debug|Any CPU
		{84C35C06-F527-4AE5-8D5F-158EF866A581}.Debug|Any CPU.Build.0 = Debug|Any CPU
		{84C35C06-F527-4AE5-8D5F-158EF866A581}.Release|Any CPU.ActiveCfg = Release|Any CPU
		{84C35C06-F527-4AE5-8D5F-158EF866A581}.Release|Any CPU.Build.0 = Release|Any CPU
		{3D202392-BE86-4447-8487-465A8FAEA34A}.Debug|Any CPU.ActiveCfg = Debug|Any CPU
		{3D202392-BE86-4447-8487-465A8FAEA34A}.Debug|Any CPU.Build.0 = Debug|Any CPU
		{3D202392-BE86-4447-8487-465A8FAEA34A}.Release|Any CPU.ActiveCfg = Release|Any CPU
		{3D202392-BE86-4447-8487-465A8FAEA34A}.Release|Any CPU.Build.0 = Release|Any CPU
	EndGlobalSection
	GlobalSection(SolutionProperties) = preSolution
		HideSolutionNode = FALSE
	EndGlobalSection
	GlobalSection(ExtensibilityGlobals) = postSolution
		SolutionGuid = {ED3A4A0B-4615-4B07-85AD-1C18EB422C20}
	EndGlobalSection
EndGlobal
