
Microsoft Visual Studio Solution File, Format Version 12.00
# Visual Studio 15
VisualStudioVersion = 15.0.28010.2016
MinimumVisualStudioVersion = 10.0.40219.1
Project("{FAE04EC0-301F-11D3-BF4B-00C04F79EFBC}") = "Hello", "Hello\Hello.csproj", "{462993B4-44CE-4A8A-9833-A7C03FA33EA8}"
EndProject
Global
	GlobalSection(SolutionConfigurationPlatforms) = preSolution
		Debug|Any CPU = Debug|Any CPU
		Release|Any CPU = Release|Any CPU
	EndGlobalSection
	GlobalSection(ProjectConfigurationPlatforms) = postSolution
		{462993B4-44CE-4A8A-9833-A7C03FA33EA8}.Debug|Any CPU.ActiveCfg = Debug|Any CPU
		{462993B4-44CE-4A8A-9833-A7C03FA33EA8}.Debug|Any CPU.Build.0 = Debug|Any CPU
		{462993B4-44CE-4A8A-9833-A7C03FA33EA8}.Release|Any CPU.ActiveCfg = Release|Any CPU
		{462993B4-44CE-4A8A-9833-A7C03FA33EA8}.Release|Any CPU.Build.0 = Release|Any CPU
	EndGlobalSection
	GlobalSection(SolutionProperties) = preSolution
		HideSolutionNode = FALSE
	EndGlobalSection
	GlobalSection(ExtensibilityGlobals) = postSolution
		SolutionGuid = {150AACFF-2CF8-4D25-BFC5-A0479E365736}
	EndGlobalSection
EndGlobal
