
Microsoft Visual Studio Solution File, Format Version 12.00
# Visual Studio 15
VisualStudioVersion = 15.0.28010.2016
MinimumVisualStudioVersion = 10.0.40219.1
Project("{FAE04EC0-301F-11D3-BF4B-00C04F79EFBC}") = "MyScreenSaver", "MyScreenSaver\MyScreenSaver.csproj", "{1019BD21-DD8A-4670-BAFC-D693CA8390EF}"
EndProject
Global
	GlobalSection(SolutionConfigurationPlatforms) = preSolution
		Debug|Any CPU = Debug|Any CPU
		Release|Any CPU = Release|Any CPU
	EndGlobalSection
	GlobalSection(ProjectConfigurationPlatforms) = postSolution
		{1019BD21-DD8A-4670-BAFC-D693CA8390EF}.Debug|Any CPU.ActiveCfg = Debug|Any CPU
		{1019BD21-DD8A-4670-BAFC-D693CA8390EF}.Debug|Any CPU.Build.0 = Debug|Any CPU
		{1019BD21-DD8A-4670-BAFC-D693CA8390EF}.Release|Any CPU.ActiveCfg = Release|Any CPU
		{1019BD21-DD8A-4670-BAFC-D693CA8390EF}.Release|Any CPU.Build.0 = Release|Any CPU
	EndGlobalSection
	GlobalSection(SolutionProperties) = preSolution
		HideSolutionNode = FALSE
	EndGlobalSection
	GlobalSection(ExtensibilityGlobals) = postSolution
		SolutionGuid = {D547BA0F-0497-422F-AE19-670D61E5CD47}
	EndGlobalSection
EndGlobal
