
Microsoft Visual Studio Solution File, Format Version 12.00
# Visual Studio 15
VisualStudioVersion = 15.0.28010.2016
MinimumVisualStudioVersion = 10.0.40219.1
Project("{FAE04EC0-301F-11D3-BF4B-00C04F79EFBC}") = "SRSGYMProj", "SRSGYMProj\SRSGYMProj.csproj", "{4F5E7A86-FFF4-478C-9818-CEF20FE7F87B}"
EndProject
Global
	GlobalSection(SolutionConfigurationPlatforms) = preSolution
		Debug|Any CPU = Debug|Any CPU
		Release|Any CPU = Release|Any CPU
	EndGlobalSection
	GlobalSection(ProjectConfigurationPlatforms) = postSolution
		{4F5E7A86-FFF4-478C-9818-CEF20FE7F87B}.Debug|Any CPU.ActiveCfg = Debug|Any CPU
		{4F5E7A86-FFF4-478C-9818-CEF20FE7F87B}.Debug|Any CPU.Build.0 = Debug|Any CPU
		{4F5E7A86-FFF4-478C-9818-CEF20FE7F87B}.Release|Any CPU.ActiveCfg = Release|Any CPU
		{4F5E7A86-FFF4-478C-9818-CEF20FE7F87B}.Release|Any CPU.Build.0 = Release|Any CPU
	EndGlobalSection
	GlobalSection(SolutionProperties) = preSolution
		HideSolutionNode = FALSE
	EndGlobalSection
	GlobalSection(ExtensibilityGlobals) = postSolution
		SolutionGuid = {F1ECF6B0-46F7-49F9-8A1B-20921B588EC4}
	EndGlobalSection
EndGlobal
