
Microsoft Visual Studio Solution File, Format Version 12.00
# Visual Studio 15
VisualStudioVersion = 15.0.28010.2016
MinimumVisualStudioVersion = 10.0.40219.1
Project("{FAE04EC0-301F-11D3-BF4B-00C04F79EFBC}") = "kudvenkatMVCpart2", "kudvenkatMVCpart2\kudvenkatMVCpart2.csproj", "{1AFCC71A-F1E3-4569-B213-4D57F244C9DC}"
EndProject
Global
	GlobalSection(SolutionConfigurationPlatforms) = preSolution
		Debug|Any CPU = Debug|Any CPU
		Release|Any CPU = Release|Any CPU
	EndGlobalSection
	GlobalSection(ProjectConfigurationPlatforms) = postSolution
		{1AFCC71A-F1E3-4569-B213-4D57F244C9DC}.Debug|Any CPU.ActiveCfg = Debug|Any CPU
		{1AFCC71A-F1E3-4569-B213-4D57F244C9DC}.Debug|Any CPU.Build.0 = Debug|Any CPU
		{1AFCC71A-F1E3-4569-B213-4D57F244C9DC}.Release|Any CPU.ActiveCfg = Release|Any CPU
		{1AFCC71A-F1E3-4569-B213-4D57F244C9DC}.Release|Any CPU.Build.0 = Release|Any CPU
	EndGlobalSection
	GlobalSection(SolutionProperties) = preSolution
		HideSolutionNode = FALSE
	EndGlobalSection
	GlobalSection(ExtensibilityGlobals) = postSolution
		SolutionGuid = {C0A07666-013A-46B5-BD37-536100D5AECA}
	EndGlobalSection
EndGlobal
